
Microsoft Visual Studio Solution File, Format Version 12.00
# Visual Studio 15
Project("{FAE04EC0-301F-11D3-BF4B-00C04F79EFBC}") = "UnityEngine.TestRunner", "UnityEngine.TestRunner.csproj", "{15A8DB34-E479-C0E2-605F-5BB56244F598}"
EndProject
Project("{FAE04EC0-301F-11D3-BF4B-00C04F79EFBC}") = "Unity.Mathematics", "Unity.Mathematics.csproj", "{437CCEE6-0E70-D7F7-859E-91C058722DB4}"
EndProject
Project("{FAE04EC0-301F-11D3-BF4B-00C04F79EFBC}") = "Unity.2D.Animation.Triangle.Runtime", "Unity.2D.Animation.Triangle.Runtime.csproj", "{9232CF06-2FEB-53DD-7715-702C4C9F088E}"
EndProject
Project("{FAE04EC0-301F-11D3-BF4B-00C04F79EFBC}") = "Unity.Timeline", "Unity.Timeline.csproj", "{565C08F2-C83D-5B85-68EA-148C9B2287AC}"
EndProject
Project("{FAE04EC0-301F-11D3-BF4B-00C04F79EFBC}") = "UnityEngine.UI", "UnityEngine.UI.csproj", "{AD902877-3031-F16E-135E-E029A55A92D8}"
EndProject
Project("{FAE04EC0-301F-11D3-BF4B-00C04F79EFBC}") = "Unity.TextMeshPro", "Unity.TextMeshPro.csproj", "{FB77CC80-E559-7AA9-D42B-6C967721F878}"
EndProject
Project("{FAE04EC0-301F-11D3-BF4B-00C04F79EFBC}") = "Unity.2D.Animation.Runtime", "Unity.2D.Animation.Runtime.csproj", "{7BDEE21E-E66E-EC1E-78EE-C932C1673CB8}"
EndProject
Project("{FAE04EC0-301F-11D3-BF4B-00C04F79EFBC}") = "Unity.2D.IK.Runtime", "Unity.2D.IK.Runtime.csproj", "{5B011FBD-B2BE-245C-3BFB-AAA457366800}"
EndProject
Project("{FAE04EC0-301F-11D3-BF4B-00C04F79EFBC}") = "Unity.2D.SpriteShape.Runtime", "Unity.2D.SpriteShape.Runtime.csproj", "{7FB81CA1-0619-CB9C-58A4-C0EFF16B8915}"
EndProject
Project("{FAE04EC0-301F-11D3-BF4B-00C04F79EFBC}") = "Unity.2D.PixelPerfect", "Unity.2D.PixelPerfect.csproj", "{29284789-C1F8-F727-53C9-C18DC2E9D4F6}"
EndProject
Project("{FAE04EC0-301F-11D3-BF4B-00C04F79EFBC}") = "Unity.2D.Common.Runtime", "Unity.2D.Common.Runtime.csproj", "{3CF097D9-392A-D7C1-143D-001174539AB4}"
EndProject
Project("{FAE04EC0-301F-11D3-BF4B-00C04F79EFBC}") = "Unity.InternalAPIEngineBridge.001", "Unity.InternalAPIEngineBridge.001.csproj", "{A6D63EEF-002D-A6CB-5217-2FB0F55A3781}"
EndProject
Project("{FAE04EC0-301F-11D3-BF4B-00C04F79EFBC}") = "Assembly-CSharp", "Assembly-CSharp.csproj", "{33015E34-E80D-F030-44CD-65B51E0B26C3}"
EndProject
Project("{FAE04EC0-301F-11D3-BF4B-00C04F79EFBC}") = "UnityEditor.TestRunner", "UnityEditor.TestRunner.csproj", "{855F4DAC-BDA8-7C83-1DA0-585D626602C3}"
EndProject
Project("{FAE04EC0-301F-11D3-BF4B-00C04F79EFBC}") = "Unity.PlasticSCM.Editor", "Unity.PlasticSCM.Editor.csproj", "{696281FE-FD41-FECD-3509-EED9EF6087FD}"
EndProject
Project("{FAE04EC0-301F-11D3-BF4B-00C04F79EFBC}") = "UnityEditor.UI", "UnityEditor.UI.csproj", "{044F4151-8FE1-B370-B84D-8774DF8E26EE}"
EndProject
Project("{FAE04EC0-301F-11D3-BF4B-00C04F79EFBC}") = "Unity.Services.Core.Editor", "Unity.Services.Core.Editor.csproj", "{D5767EB0-40D5-90EE-BEE5-D287B75C31D0}"
EndProject
Project("{FAE04EC0-301F-11D3-BF4B-00C04F79EFBC}") = "Unity.Timeline.Editor", "Unity.Timeline.Editor.csproj", "{E3990E85-0A24-A907-6203-2E36F79D1347}"
EndProject
Project("{FAE04EC0-301F-11D3-BF4B-00C04F79EFBC}") = "Unity.VisualStudio.Editor", "Unity.VisualStudio.Editor.csproj", "{A344EB15-6B46-26B5-32AC-0CE7D3E6BF7F}"
EndProject
Project("{FAE04EC0-301F-11D3-BF4B-00C04F79EFBC}") = "Unity.2D.Psdimporter.Editor", "Unity.2D.Psdimporter.Editor.csproj", "{D0CF2B2A-3AF4-A290-B0F7-CEA8E09764DE}"
EndProject
Project("{FAE04EC0-301F-11D3-BF4B-00C04F79EFBC}") = "Unity.2D.Animation.Editor", "Unity.2D.Animation.Editor.csproj", "{BEAEC1F6-7CE0-E8EF-B0B6-966D0E779312}"
EndProject
Project("{FAE04EC0-301F-11D3-BF4B-00C04F79EFBC}") = "Unity.TextMeshPro.Editor", "Unity.TextMeshPro.Editor.csproj", "{52CE96D4-404F-ECFC-C93C-388F3913C117}"
EndProject
Project("{FAE04EC0-301F-11D3-BF4B-00C04F79EFBC}") = "Unity.2D.SpriteShape.Editor", "Unity.2D.SpriteShape.Editor.csproj", "{E819311C-EECA-4AAE-A32F-9EB9E012766D}"
EndProject
Project("{FAE04EC0-301F-11D3-BF4B-00C04F79EFBC}") = "Unity.CollabProxy.Editor", "Unity.CollabProxy.Editor.csproj", "{67399111-FBFF-07B5-E9A3-9206A6011553}"
EndProject
Project("{FAE04EC0-301F-11D3-BF4B-00C04F79EFBC}") = "PsdPlugin", "PsdPlugin.csproj", "{F137F6BB-9AE3-A020-C0D2-1040B2102086}"
EndProject
Project("{FAE04EC0-301F-11D3-BF4B-00C04F79EFBC}") = "Unity.2D.Path.Editor", "Unity.2D.Path.Editor.csproj", "{1FB65E82-0A9C-22EE-18FF-C23C170977EF}"
EndProject
Project("{FAE04EC0-301F-11D3-BF4B-00C04F79EFBC}") = "Unity.Rider.Editor", "Unity.Rider.Editor.csproj", "{55ED5B8C-1D00-7F9C-880E-083A58773B40}"
EndProject
Project("{FAE04EC0-301F-11D3-BF4B-00C04F79EFBC}") = "Unity.2D.IK.Editor", "Unity.2D.IK.Editor.csproj", "{95D66FE9-B00E-EE04-8662-9C1BFB9365B5}"
EndProject
Project("{FAE04EC0-301F-11D3-BF4B-00C04F79EFBC}") = "Unity.2D.Sprite.Editor", "Unity.2D.Sprite.Editor.csproj", "{FF14C8B8-DB77-5B51-25EF-2730065E3143}"
EndProject
Project("{FAE04EC0-301F-11D3-BF4B-00C04F79EFBC}") = "Unity.2D.Tilemap.Editor", "Unity.2D.Tilemap.Editor.csproj", "{608BA43A-E017-B6DD-F91E-C497DF9B9DEA}"
EndProject
Project("{FAE04EC0-301F-11D3-BF4B-00C04F79EFBC}") = "Unity.2D.PixelPerfect.Editor", "Unity.2D.PixelPerfect.Editor.csproj", "{B3F835F4-D11A-FBDF-CB26-61EDBA1BF1E5}"
EndProject
Project("{FAE04EC0-301F-11D3-BF4B-00C04F79EFBC}") = "Unity.VSCode.Editor", "Unity.VSCode.Editor.csproj", "{E6A5B1D3-F0DF-F113-C08D-937487B463E6}"
EndProject
Project("{FAE04EC0-301F-11D3-BF4B-00C04F79EFBC}") = "Unity.2D.Common.Editor", "Unity.2D.Common.Editor.csproj", "{44EF87DD-E75A-886A-89A7-09694D9B74D9}"
EndProject
Project("{FAE04EC0-301F-11D3-BF4B-00C04F79EFBC}") = "Unity.Mathematics.Editor", "Unity.Mathematics.Editor.csproj", "{807492FB-2C24-C0DB-5496-06F5F29A9375}"
EndProject
Project("{FAE04EC0-301F-11D3-BF4B-00C04F79EFBC}") = "Unity.InternalAPIEditorBridge.001", "Unity.InternalAPIEditorBridge.001.csproj", "{17ADED6A-82FA-DE7B-17C0-C26D03DE18BF}"
EndProject
Project("{FAE04EC0-301F-11D3-BF4B-00C04F79EFBC}") = "UnityEngine.TestRunner", "UnityEngine.TestRunner.Player.csproj", "{086456BE-47B5-F632-F194-1683F91305F2}"
EndProject
Project("{FAE04EC0-301F-11D3-BF4B-00C04F79EFBC}") = "Unity.Mathematics", "Unity.Mathematics.Player.csproj", "{8411A29C-8910-5D89-210C-FA10096695F4}"
EndProject
Project("{FAE04EC0-301F-11D3-BF4B-00C04F79EFBC}") = "Unity.2D.Animation.Triangle.Runtime", "Unity.2D.Animation.Triangle.Runtime.Player.csproj", "{5803CCE3-0813-C599-1DD5-A34E6196522E}"
EndProject
Project("{FAE04EC0-301F-11D3-BF4B-00C04F79EFBC}") = "Unity.Timeline", "Unity.Timeline.Player.csproj", "{B2E18FCA-1348-4B64-38A2-3CD7EDFADCFD}"
EndProject
Project("{FAE04EC0-301F-11D3-BF4B-00C04F79EFBC}") = "UnityEngine.UI", "UnityEngine.UI.Player.csproj", "{9F61BA08-012E-7242-EFA7-D96CF30BAA7F}"
EndProject
Project("{FAE04EC0-301F-11D3-BF4B-00C04F79EFBC}") = "Unity.TextMeshPro", "Unity.TextMeshPro.Player.csproj", "{B1A0B76D-25ED-7D2A-28A7-F31370A3784A}"
EndProject
Project("{FAE04EC0-301F-11D3-BF4B-00C04F79EFBC}") = "Unity.2D.Animation.Runtime", "Unity.2D.Animation.Runtime.Player.csproj", "{521E91D8-CED3-3321-BE9D-E2957C637E98}"
EndProject
Project("{FAE04EC0-301F-11D3-BF4B-00C04F79EFBC}") = "Unity.2D.IK.Runtime", "Unity.2D.IK.Runtime.Player.csproj", "{CB83E3CB-9485-738E-568C-652333C07F73}"
EndProject
Project("{FAE04EC0-301F-11D3-BF4B-00C04F79EFBC}") = "Unity.2D.SpriteShape.Runtime", "Unity.2D.SpriteShape.Runtime.Player.csproj", "{0CBEADC3-1F09-40F3-A32D-F48066496BFD}"
EndProject
Project("{FAE04EC0-301F-11D3-BF4B-00C04F79EFBC}") = "Unity.2D.PixelPerfect", "Unity.2D.PixelPerfect.Player.csproj", "{EB1F6CDB-F130-A3AD-CDB2-80997331B491}"
EndProject
Project("{FAE04EC0-301F-11D3-BF4B-00C04F79EFBC}") = "Unity.2D.Common.Runtime", "Unity.2D.Common.Runtime.Player.csproj", "{A0AC925B-3D8F-4698-E0DE-ED8A424D0E40}"
EndProject
Project("{FAE04EC0-301F-11D3-BF4B-00C04F79EFBC}") = "Unity.InternalAPIEngineBridge.001", "Unity.InternalAPIEngineBridge.001.Player.csproj", "{6AC94B6A-C7FC-E3CF-3BBD-76AB82AA5238}"
EndProject
Project("{FAE04EC0-301F-11D3-BF4B-00C04F79EFBC}") = "Assembly-CSharp", "Assembly-CSharp.Player.csproj", "{41B554B4-3DB6-D322-54F8-E6378E27AF35}"
EndProject
Global
	GlobalSection(SolutionConfigurationPlatforms) = preSolution
		Debug|Any CPU = Debug|Any CPU
		Release|Any CPU = Release|Any CPU
	EndGlobalSection
	GlobalSection(ProjectConfigurationPlatforms) = postSolution
		{15A8DB34-E479-C0E2-605F-5BB56244F598}.Debug|Any CPU.ActiveCfg = Debug|Any CPU
		{15A8DB34-E479-C0E2-605F-5BB56244F598}.Debug|Any CPU.Build.0 = Debug|Any CPU
		{15A8DB34-E479-C0E2-605F-5BB56244F598}.Release|Any CPU.ActiveCfg = Release|Any CPU
		{15A8DB34-E479-C0E2-605F-5BB56244F598}.Release|Any CPU.Build.0 = Release|Any CPU
		{437CCEE6-0E70-D7F7-859E-91C058722DB4}.Debug|Any CPU.ActiveCfg = Debug|Any CPU
		{437CCEE6-0E70-D7F7-859E-91C058722DB4}.Debug|Any CPU.Build.0 = Debug|Any CPU
		{437CCEE6-0E70-D7F7-859E-91C058722DB4}.Release|Any CPU.ActiveCfg = Release|Any CPU
		{437CCEE6-0E70-D7F7-859E-91C058722DB4}.Release|Any CPU.Build.0 = Release|Any CPU
		{9232CF06-2FEB-53DD-7715-702C4C9F088E}.Debug|Any CPU.ActiveCfg = Debug|Any CPU
		{9232CF06-2FEB-53DD-7715-702C4C9F088E}.Debug|Any CPU.Build.0 = Debug|Any CPU
		{9232CF06-2FEB-53DD-7715-702C4C9F088E}.Release|Any CPU.ActiveCfg = Release|Any CPU
		{9232CF06-2FEB-53DD-7715-702C4C9F088E}.Release|Any CPU.Build.0 = Release|Any CPU
		{565C08F2-C83D-5B85-68EA-148C9B2287AC}.Debug|Any CPU.ActiveCfg = Debug|Any CPU
		{565C08F2-C83D-5B85-68EA-148C9B2287AC}.Debug|Any CPU.Build.0 = Debug|Any CPU
		{565C08F2-C83D-5B85-68EA-148C9B2287AC}.Release|Any CPU.ActiveCfg = Release|Any CPU
		{565C08F2-C83D-5B85-68EA-148C9B2287AC}.Release|Any CPU.Build.0 = Release|Any CPU
		{AD902877-3031-F16E-135E-E029A55A92D8}.Debug|Any CPU.ActiveCfg = Debug|Any CPU
		{AD902877-3031-F16E-135E-E029A55A92D8}.Debug|Any CPU.Build.0 = Debug|Any CPU
		{AD902877-3031-F16E-135E-E029A55A92D8}.Release|Any CPU.ActiveCfg = Release|Any CPU
		{AD902877-3031-F16E-135E-E029A55A92D8}.Release|Any CPU.Build.0 = Release|Any CPU
		{FB77CC80-E559-7AA9-D42B-6C967721F878}.Debug|Any CPU.ActiveCfg = Debug|Any CPU
		{FB77CC80-E559-7AA9-D42B-6C967721F878}.Debug|Any CPU.Build.0 = Debug|Any CPU
		{FB77CC80-E559-7AA9-D42B-6C967721F878}.Release|Any CPU.ActiveCfg = Release|Any CPU
		{FB77CC80-E559-7AA9-D42B-6C967721F878}.Release|Any CPU.Build.0 = Release|Any CPU
		{7BDEE21E-E66E-EC1E-78EE-C932C1673CB8}.Debug|Any CPU.ActiveCfg = Debug|Any CPU
		{7BDEE21E-E66E-EC1E-78EE-C932C1673CB8}.Debug|Any CPU.Build.0 = Debug|Any CPU
		{7BDEE21E-E66E-EC1E-78EE-C932C1673CB8}.Release|Any CPU.ActiveCfg = Release|Any CPU
		{7BDEE21E-E66E-EC1E-78EE-C932C1673CB8}.Release|Any CPU.Build.0 = Release|Any CPU
		{5B011FBD-B2BE-245C-3BFB-AAA457366800}.Debug|Any CPU.ActiveCfg = Debug|Any CPU
		{5B011FBD-B2BE-245C-3BFB-AAA457366800}.Debug|Any CPU.Build.0 = Debug|Any CPU
		{5B011FBD-B2BE-245C-3BFB-AAA457366800}.Release|Any CPU.ActiveCfg = Release|Any CPU
		{5B011FBD-B2BE-245C-3BFB-AAA457366800}.Release|Any CPU.Build.0 = Release|Any CPU
		{7FB81CA1-0619-CB9C-58A4-C0EFF16B8915}.Debug|Any CPU.ActiveCfg = Debug|Any CPU
		{7FB81CA1-0619-CB9C-58A4-C0EFF16B8915}.Debug|Any CPU.Build.0 = Debug|Any CPU
		{7FB81CA1-0619-CB9C-58A4-C0EFF16B8915}.Release|Any CPU.ActiveCfg = Release|Any CPU
		{7FB81CA1-0619-CB9C-58A4-C0EFF16B8915}.Release|Any CPU.Build.0 = Release|Any CPU
		{29284789-C1F8-F727-53C9-C18DC2E9D4F6}.Debug|Any CPU.ActiveCfg = Debug|Any CPU
		{29284789-C1F8-F727-53C9-C18DC2E9D4F6}.Debug|Any CPU.Build.0 = Debug|Any CPU
		{29284789-C1F8-F727-53C9-C18DC2E9D4F6}.Release|Any CPU.ActiveCfg = Release|Any CPU
		{29284789-C1F8-F727-53C9-C18DC2E9D4F6}.Release|Any CPU.Build.0 = Release|Any CPU
		{3CF097D9-392A-D7C1-143D-001174539AB4}.Debug|Any CPU.ActiveCfg = Debug|Any CPU
		{3CF097D9-392A-D7C1-143D-001174539AB4}.Debug|Any CPU.Build.0 = Debug|Any CPU
		{3CF097D9-392A-D7C1-143D-001174539AB4}.Release|Any CPU.ActiveCfg = Release|Any CPU
		{3CF097D9-392A-D7C1-143D-001174539AB4}.Release|Any CPU.Build.0 = Release|Any CPU
		{A6D63EEF-002D-A6CB-5217-2FB0F55A3781}.Debug|Any CPU.ActiveCfg = Debug|Any CPU
		{A6D63EEF-002D-A6CB-5217-2FB0F55A3781}.Debug|Any CPU.Build.0 = Debug|Any CPU
		{A6D63EEF-002D-A6CB-5217-2FB0F55A3781}.Release|Any CPU.ActiveCfg = Release|Any CPU
		{A6D63EEF-002D-A6CB-5217-2FB0F55A3781}.Release|Any CPU.Build.0 = Release|Any CPU
		{33015E34-E80D-F030-44CD-65B51E0B26C3}.Debug|Any CPU.ActiveCfg = Debug|Any CPU
		{33015E34-E80D-F030-44CD-65B51E0B26C3}.Debug|Any CPU.Build.0 = Debug|Any CPU
		{33015E34-E80D-F030-44CD-65B51E0B26C3}.Release|Any CPU.ActiveCfg = Release|Any CPU
		{33015E34-E80D-F030-44CD-65B51E0B26C3}.Release|Any CPU.Build.0 = Release|Any CPU
		{855F4DAC-BDA8-7C83-1DA0-585D626602C3}.Debug|Any CPU.ActiveCfg = Debug|Any CPU
		{855F4DAC-BDA8-7C83-1DA0-585D626602C3}.Debug|Any CPU.Build.0 = Debug|Any CPU
		{855F4DAC-BDA8-7C83-1DA0-585D626602C3}.Release|Any CPU.ActiveCfg = Release|Any CPU
		{855F4DAC-BDA8-7C83-1DA0-585D626602C3}.Release|Any CPU.Build.0 = Release|Any CPU
		{696281FE-FD41-FECD-3509-EED9EF6087FD}.Debug|Any CPU.ActiveCfg = Debug|Any CPU
		{696281FE-FD41-FECD-3509-EED9EF6087FD}.Debug|Any CPU.Build.0 = Debug|Any CPU
		{696281FE-FD41-FECD-3509-EED9EF6087FD}.Release|Any CPU.ActiveCfg = Release|Any CPU
		{696281FE-FD41-FECD-3509-EED9EF6087FD}.Release|Any CPU.Build.0 = Release|Any CPU
		{044F4151-8FE1-B370-B84D-8774DF8E26EE}.Debug|Any CPU.ActiveCfg = Debug|Any CPU
		{044F4151-8FE1-B370-B84D-8774DF8E26EE}.Debug|Any CPU.Build.0 = Debug|Any CPU
		{044F4151-8FE1-B370-B84D-8774DF8E26EE}.Release|Any CPU.ActiveCfg = Release|Any CPU
		{044F4151-8FE1-B370-B84D-8774DF8E26EE}.Release|Any CPU.Build.0 = Release|Any CPU
		{D5767EB0-40D5-90EE-BEE5-D287B75C31D0}.Debug|Any CPU.ActiveCfg = Debug|Any CPU
		{D5767EB0-40D5-90EE-BEE5-D287B75C31D0}.Debug|Any CPU.Build.0 = Debug|Any CPU
		{D5767EB0-40D5-90EE-BEE5-D287B75C31D0}.Release|Any CPU.ActiveCfg = Release|Any CPU
		{D5767EB0-40D5-90EE-BEE5-D287B75C31D0}.Release|Any CPU.Build.0 = Release|Any CPU
		{E3990E85-0A24-A907-6203-2E36F79D1347}.Debug|Any CPU.ActiveCfg = Debug|Any CPU
		{E3990E85-0A24-A907-6203-2E36F79D1347}.Debug|Any CPU.Build.0 = Debug|Any CPU
		{E3990E85-0A24-A907-6203-2E36F79D1347}.Release|Any CPU.ActiveCfg = Release|Any CPU
		{E3990E85-0A24-A907-6203-2E36F79D1347}.Release|Any CPU.Build.0 = Release|Any CPU
		{A344EB15-6B46-26B5-32AC-0CE7D3E6BF7F}.Debug|Any CPU.ActiveCfg = Debug|Any CPU
		{A344EB15-6B46-26B5-32AC-0CE7D3E6BF7F}.Debug|Any CPU.Build.0 = Debug|Any CPU
		{A344EB15-6B46-26B5-32AC-0CE7D3E6BF7F}.Release|Any CPU.ActiveCfg = Release|Any CPU
		{A344EB15-6B46-26B5-32AC-0CE7D3E6BF7F}.Release|Any CPU.Build.0 = Release|Any CPU
		{D0CF2B2A-3AF4-A290-B0F7-CEA8E09764DE}.Debug|Any CPU.ActiveCfg = Debug|Any CPU
		{D0CF2B2A-3AF4-A290-B0F7-CEA8E09764DE}.Debug|Any CPU.Build.0 = Debug|Any CPU
		{D0CF2B2A-3AF4-A290-B0F7-CEA8E09764DE}.Release|Any CPU.ActiveCfg = Release|Any CPU
		{D0CF2B2A-3AF4-A290-B0F7-CEA8E09764DE}.Release|Any CPU.Build.0 = Release|Any CPU
		{BEAEC1F6-7CE0-E8EF-B0B6-966D0E779312}.Debug|Any CPU.ActiveCfg = Debug|Any CPU
		{BEAEC1F6-7CE0-E8EF-B0B6-966D0E779312}.Debug|Any CPU.Build.0 = Debug|Any CPU
		{BEAEC1F6-7CE0-E8EF-B0B6-966D0E779312}.Release|Any CPU.ActiveCfg = Release|Any CPU
		{BEAEC1F6-7CE0-E8EF-B0B6-966D0E779312}.Release|Any CPU.Build.0 = Release|Any CPU
		{52CE96D4-404F-ECFC-C93C-388F3913C117}.Debug|Any CPU.ActiveCfg = Debug|Any CPU
		{52CE96D4-404F-ECFC-C93C-388F3913C117}.Debug|Any CPU.Build.0 = Debug|Any CPU
		{52CE96D4-404F-ECFC-C93C-388F3913C117}.Release|Any CPU.ActiveCfg = Release|Any CPU
		{52CE96D4-404F-ECFC-C93C-388F3913C117}.Release|Any CPU.Build.0 = Release|Any CPU
		{E819311C-EECA-4AAE-A32F-9EB9E012766D}.Debug|Any CPU.ActiveCfg = Debug|Any CPU
		{E819311C-EECA-4AAE-A32F-9EB9E012766D}.Debug|Any CPU.Build.0 = Debug|Any CPU
		{E819311C-EECA-4AAE-A32F-9EB9E012766D}.Release|Any CPU.ActiveCfg = Release|Any CPU
		{E819311C-EECA-4AAE-A32F-9EB9E012766D}.Release|Any CPU.Build.0 = Release|Any CPU
		{67399111-FBFF-07B5-E9A3-9206A6011553}.Debug|Any CPU.ActiveCfg = Debug|Any CPU
		{67399111-FBFF-07B5-E9A3-9206A6011553}.Debug|Any CPU.Build.0 = Debug|Any CPU
		{67399111-FBFF-07B5-E9A3-9206A6011553}.Release|Any CPU.ActiveCfg = Release|Any CPU
		{67399111-FBFF-07B5-E9A3-9206A6011553}.Release|Any CPU.Build.0 = Release|Any CPU
		{F137F6BB-9AE3-A020-C0D2-1040B2102086}.Debug|Any CPU.ActiveCfg = Debug|Any CPU
		{F137F6BB-9AE3-A020-C0D2-1040B2102086}.Debug|Any CPU.Build.0 = Debug|Any CPU
		{F137F6BB-9AE3-A020-C0D2-1040B2102086}.Release|Any CPU.ActiveCfg = Release|Any CPU
		{F137F6BB-9AE3-A020-C0D2-1040B2102086}.Release|Any CPU.Build.0 = Release|Any CPU
		{1FB65E82-0A9C-22EE-18FF-C23C170977EF}.Debug|Any CPU.ActiveCfg = Debug|Any CPU
		{1FB65E82-0A9C-22EE-18FF-C23C170977EF}.Debug|Any CPU.Build.0 = Debug|Any CPU
		{1FB65E82-0A9C-22EE-18FF-C23C170977EF}.Release|Any CPU.ActiveCfg = Release|Any CPU
		{1FB65E82-0A9C-22EE-18FF-C23C170977EF}.Release|Any CPU.Build.0 = Release|Any CPU
		{55ED5B8C-1D00-7F9C-880E-083A58773B40}.Debug|Any CPU.ActiveCfg = Debug|Any CPU
		{55ED5B8C-1D00-7F9C-880E-083A58773B40}.Debug|Any CPU.Build.0 = Debug|Any CPU
		{55ED5B8C-1D00-7F9C-880E-083A58773B40}.Release|Any CPU.ActiveCfg = Release|Any CPU
		{55ED5B8C-1D00-7F9C-880E-083A58773B40}.Release|Any CPU.Build.0 = Release|Any CPU
		{95D66FE9-B00E-EE04-8662-9C1BFB9365B5}.Debug|Any CPU.ActiveCfg = Debug|Any CPU
		{95D66FE9-B00E-EE04-8662-9C1BFB9365B5}.Debug|Any CPU.Build.0 = Debug|Any CPU
		{95D66FE9-B00E-EE04-8662-9C1BFB9365B5}.Release|Any CPU.ActiveCfg = Release|Any CPU
		{95D66FE9-B00E-EE04-8662-9C1BFB9365B5}.Release|Any CPU.Build.0 = Release|Any CPU
		{FF14C8B8-DB77-5B51-25EF-2730065E3143}.Debug|Any CPU.ActiveCfg = Debug|Any CPU
		{FF14C8B8-DB77-5B51-25EF-2730065E3143}.Debug|Any CPU.Build.0 = Debug|Any CPU
		{FF14C8B8-DB77-5B51-25EF-2730065E3143}.Release|Any CPU.ActiveCfg = Release|Any CPU
		{FF14C8B8-DB77-5B51-25EF-2730065E3143}.Release|Any CPU.Build.0 = Release|Any CPU
		{608BA43A-E017-B6DD-F91E-C497DF9B9DEA}.Debug|Any CPU.ActiveCfg = Debug|Any CPU
		{608BA43A-E017-B6DD-F91E-C497DF9B9DEA}.Debug|Any CPU.Build.0 = Debug|Any CPU
		{608BA43A-E017-B6DD-F91E-C497DF9B9DEA}.Release|Any CPU.ActiveCfg = Release|Any CPU
		{608BA43A-E017-B6DD-F91E-C497DF9B9DEA}.Release|Any CPU.Build.0 = Release|Any CPU
		{B3F835F4-D11A-FBDF-CB26-61EDBA1BF1E5}.Debug|Any CPU.ActiveCfg = Debug|Any CPU
		{B3F835F4-D11A-FBDF-CB26-61EDBA1BF1E5}.Debug|Any CPU.Build.0 = Debug|Any CPU
		{B3F835F4-D11A-FBDF-CB26-61EDBA1BF1E5}.Release|Any CPU.ActiveCfg = Release|Any CPU
		{B3F835F4-D11A-FBDF-CB26-61EDBA1BF1E5}.Release|Any CPU.Build.0 = Release|Any CPU
		{E6A5B1D3-F0DF-F113-C08D-937487B463E6}.Debug|Any CPU.ActiveCfg = Debug|Any CPU
		{E6A5B1D3-F0DF-F113-C08D-937487B463E6}.Debug|Any CPU.Build.0 = Debug|Any CPU
		{E6A5B1D3-F0DF-F113-C08D-937487B463E6}.Release|Any CPU.ActiveCfg = Release|Any CPU
		{E6A5B1D3-F0DF-F113-C08D-937487B463E6}.Release|Any CPU.Build.0 = Release|Any CPU
		{44EF87DD-E75A-886A-89A7-09694D9B74D9}.Debug|Any CPU.ActiveCfg = Debug|Any CPU
		{44EF87DD-E75A-886A-89A7-09694D9B74D9}.Debug|Any CPU.Build.0 = Debug|Any CPU
		{44EF87DD-E75A-886A-89A7-09694D9B74D9}.Release|Any CPU.ActiveCfg = Release|Any CPU
		{44EF87DD-E75A-886A-89A7-09694D9B74D9}.Release|Any CPU.Build.0 = Release|Any CPU
		{807492FB-2C24-C0DB-5496-06F5F29A9375}.Debug|Any CPU.ActiveCfg = Debug|Any CPU
		{807492FB-2C24-C0DB-5496-06F5F29A9375}.Debug|Any CPU.Build.0 = Debug|Any CPU
		{807492FB-2C24-C0DB-5496-06F5F29A9375}.Release|Any CPU.ActiveCfg = Release|Any CPU
		{807492FB-2C24-C0DB-5496-06F5F29A9375}.Release|Any CPU.Build.0 = Release|Any CPU
		{17ADED6A-82FA-DE7B-17C0-C26D03DE18BF}.Debug|Any CPU.ActiveCfg = Debug|Any CPU
		{17ADED6A-82FA-DE7B-17C0-C26D03DE18BF}.Debug|Any CPU.Build.0 = Debug|Any CPU
		{17ADED6A-82FA-DE7B-17C0-C26D03DE18BF}.Release|Any CPU.ActiveCfg = Release|Any CPU
		{17ADED6A-82FA-DE7B-17C0-C26D03DE18BF}.Release|Any CPU.Build.0 = Release|Any CPU
		{086456BE-47B5-F632-F194-1683F91305F2}.Debug|Any CPU.ActiveCfg = Debug|Any CPU
		{086456BE-47B5-F632-F194-1683F91305F2}.Debug|Any CPU.Build.0 = Debug|Any CPU
		{086456BE-47B5-F632-F194-1683F91305F2}.Release|Any CPU.ActiveCfg = Release|Any CPU
		{086456BE-47B5-F632-F194-1683F91305F2}.Release|Any CPU.Build.0 = Release|Any CPU
		{8411A29C-8910-5D89-210C-FA10096695F4}.Debug|Any CPU.ActiveCfg = Debug|Any CPU
		{8411A29C-8910-5D89-210C-FA10096695F4}.Debug|Any CPU.Build.0 = Debug|Any CPU
		{8411A29C-8910-5D89-210C-FA10096695F4}.Release|Any CPU.ActiveCfg = Release|Any CPU
		{8411A29C-8910-5D89-210C-FA10096695F4}.Release|Any CPU.Build.0 = Release|Any CPU
		{5803CCE3-0813-C599-1DD5-A34E6196522E}.Debug|Any CPU.ActiveCfg = Debug|Any CPU
		{5803CCE3-0813-C599-1DD5-A34E6196522E}.Debug|Any CPU.Build.0 = Debug|Any CPU
		{5803CCE3-0813-C599-1DD5-A34E6196522E}.Release|Any CPU.ActiveCfg = Release|Any CPU
		{5803CCE3-0813-C599-1DD5-A34E6196522E}.Release|Any CPU.Build.0 = Release|Any CPU
		{B2E18FCA-1348-4B64-38A2-3CD7EDFADCFD}.Debug|Any CPU.ActiveCfg = Debug|Any CPU
		{B2E18FCA-1348-4B64-38A2-3CD7EDFADCFD}.Debug|Any CPU.Build.0 = Debug|Any CPU
		{B2E18FCA-1348-4B64-38A2-3CD7EDFADCFD}.Release|Any CPU.ActiveCfg = Release|Any CPU
		{B2E18FCA-1348-4B64-38A2-3CD7EDFADCFD}.Release|Any CPU.Build.0 = Release|Any CPU
		{9F61BA08-012E-7242-EFA7-D96CF30BAA7F}.Debug|Any CPU.ActiveCfg = Debug|Any CPU
		{9F61BA08-012E-7242-EFA7-D96CF30BAA7F}.Debug|Any CPU.Build.0 = Debug|Any CPU
		{9F61BA08-012E-7242-EFA7-D96CF30BAA7F}.Release|Any CPU.ActiveCfg = Release|Any CPU
		{9F61BA08-012E-7242-EFA7-D96CF30BAA7F}.Release|Any CPU.Build.0 = Release|Any CPU
		{B1A0B76D-25ED-7D2A-28A7-F31370A3784A}.Debug|Any CPU.ActiveCfg = Debug|Any CPU
		{B1A0B76D-25ED-7D2A-28A7-F31370A3784A}.Debug|Any CPU.Build.0 = Debug|Any CPU
		{B1A0B76D-25ED-7D2A-28A7-F31370A3784A}.Release|Any CPU.ActiveCfg = Release|Any CPU
		{B1A0B76D-25ED-7D2A-28A7-F31370A3784A}.Release|Any CPU.Build.0 = Release|Any CPU
		{521E91D8-CED3-3321-BE9D-E2957C637E98}.Debug|Any CPU.ActiveCfg = Debug|Any CPU
		{521E91D8-CED3-3321-BE9D-E2957C637E98}.Debug|Any CPU.Build.0 = Debug|Any CPU
		{521E91D8-CED3-3321-BE9D-E2957C637E98}.Release|Any CPU.ActiveCfg = Release|Any CPU
		{521E91D8-CED3-3321-BE9D-E2957C637E98}.Release|Any CPU.Build.0 = Release|Any CPU
		{CB83E3CB-9485-738E-568C-652333C07F73}.Debug|Any CPU.ActiveCfg = Debug|Any CPU
		{CB83E3CB-9485-738E-568C-652333C07F73}.Debug|Any CPU.Build.0 = Debug|Any CPU
		{CB83E3CB-9485-738E-568C-652333C07F73}.Release|Any CPU.ActiveCfg = Release|Any CPU
		{CB83E3CB-9485-738E-568C-652333C07F73}.Release|Any CPU.Build.0 = Release|Any CPU
		{0CBEADC3-1F09-40F3-A32D-F48066496BFD}.Debug|Any CPU.ActiveCfg = Debug|Any CPU
		{0CBEADC3-1F09-40F3-A32D-F48066496BFD}.Debug|Any CPU.Build.0 = Debug|Any CPU
		{0CBEADC3-1F09-40F3-A32D-F48066496BFD}.Release|Any CPU.ActiveCfg = Release|Any CPU
		{0CBEADC3-1F09-40F3-A32D-F48066496BFD}.Release|Any CPU.Build.0 = Release|Any CPU
		{EB1F6CDB-F130-A3AD-CDB2-80997331B491}.Debug|Any CPU.ActiveCfg = Debug|Any CPU
		{EB1F6CDB-F130-A3AD-CDB2-80997331B491}.Debug|Any CPU.Build.0 = Debug|Any CPU
		{EB1F6CDB-F130-A3AD-CDB2-80997331B491}.Release|Any CPU.ActiveCfg = Release|Any CPU
		{EB1F6CDB-F130-A3AD-CDB2-80997331B491}.Release|Any CPU.Build.0 = Release|Any CPU
		{A0AC925B-3D8F-4698-E0DE-ED8A424D0E40}.Debug|Any CPU.ActiveCfg = Debug|Any CPU
		{A0AC925B-3D8F-4698-E0DE-ED8A424D0E40}.Debug|Any CPU.Build.0 = Debug|Any CPU
		{A0AC925B-3D8F-4698-E0DE-ED8A424D0E40}.Release|Any CPU.ActiveCfg = Release|Any CPU
		{A0AC925B-3D8F-4698-E0DE-ED8A424D0E40}.Release|Any CPU.Build.0 = Release|Any CPU
		{6AC94B6A-C7FC-E3CF-3BBD-76AB82AA5238}.Debug|Any CPU.ActiveCfg = Debug|Any CPU
		{6AC94B6A-C7FC-E3CF-3BBD-76AB82AA5238}.Debug|Any CPU.Build.0 = Debug|Any CPU
		{6AC94B6A-C7FC-E3CF-3BBD-76AB82AA5238}.Release|Any CPU.ActiveCfg = Release|Any CPU
		{6AC94B6A-C7FC-E3CF-3BBD-76AB82AA5238}.Release|Any CPU.Build.0 = Release|Any CPU
		{41B554B4-3DB6-D322-54F8-E6378E27AF35}.Debug|Any CPU.ActiveCfg = Debug|Any CPU
		{41B554B4-3DB6-D322-54F8-E6378E27AF35}.Debug|Any CPU.Build.0 = Debug|Any CPU
		{41B554B4-3DB6-D322-54F8-E6378E27AF35}.Release|Any CPU.ActiveCfg = Release|Any CPU
		{41B554B4-3DB6-D322-54F8-E6378E27AF35}.Release|Any CPU.Build.0 = Release|Any CPU
	EndGlobalSection
	GlobalSection(SolutionProperties) = preSolution
		HideSolutionNode = FALSE
	EndGlobalSection
EndGlobal
